# This file is automatically @generated by Cargo.
# It is not intended for manual editing.
version = 3

[[package]]
<<<<<<< HEAD:bootloader/stage_one/Cargo.lock
name = "stage_one"
=======
name = "common"
version = "0.1.0"

[[package]]
name = "second_stage"
>>>>>>> master:second_stage/Cargo.lock
version = "0.1.0"
dependencies = [
 "common",
]
